# THIS IS AN AUTOGENERATED FILE. DO NOT EDIT THIS FILE DIRECTLY.
# yarn lockfile v1


"@cspotcode/source-map-support@^0.8.0":
  version "0.8.1"
  resolved "https://registry.yarnpkg.com/@cspotcode/source-map-support/-/source-map-support-0.8.1.tgz#00629c35a688e05a88b1cda684fb9d5e73f000a1"
  integrity sha512-IchNf6dN4tHoMFIn/7OE8LWZ19Y6q/67Bmf6vnGREv8RSbBVb9LPJxEcnwrcwX6ixSvaiGoomAUvu4YSxXrVgw==
  dependencies:
    "@jridgewell/trace-mapping" "0.3.9"

"@jridgewell/resolve-uri@^3.0.3":
  version "3.1.2"
  resolved "https://registry.yarnpkg.com/@jridgewell/resolve-uri/-/resolve-uri-3.1.2.tgz#7a0ee601f60f99a20c7c7c5ff0c80388c1189bd6"
  integrity sha512-bRISgCIjP20/tbWSPWMEi54QVPRZExkuD9lJL+UIxUKtwVJA8wW1Trb1jMs1RFXo1CBTNZ/5hpC9QvmKWdopKw==

"@jridgewell/sourcemap-codec@^1.4.10":
  version "1.4.15"
  resolved "https://registry.yarnpkg.com/@jridgewell/sourcemap-codec/-/sourcemap-codec-1.4.15.tgz#d7c6e6755c78567a951e04ab52ef0fd26de59f32"
  integrity sha512-eF2rxCRulEKXHTRiDrDy6erMYWqNw4LPdQ8UQA4huuxaQsVeRPFl2oM8oDGxMFhJUWZf9McpLtJasDDZb/Bpeg==

"@jridgewell/trace-mapping@0.3.9":
  version "0.3.9"
  resolved "https://registry.yarnpkg.com/@jridgewell/trace-mapping/-/trace-mapping-0.3.9.tgz#6534fd5933a53ba7cbf3a17615e273a0d1273ff9"
  integrity sha512-3Belt6tdc8bPgAtbcmdtNJlirVoTmEb5e2gC94PnkwEW9jI6CAHUeoG85tjWP5WquqfavoMtMwiG4P926ZKKuQ==
  dependencies:
    "@jridgewell/resolve-uri" "^3.0.3"
    "@jridgewell/sourcemap-codec" "^1.4.10"

"@libsql/client@^0.6.0":
  version "0.6.0"
  resolved "https://registry.yarnpkg.com/@libsql/client/-/client-0.6.0.tgz#bbae2beba4e9c1a3d71ba2593e9e21d0858ae7d1"
  integrity sha512-qhQzTG/y2IEVbL3+9PULDvlQFWJ/RnjFXECr/Nc3nRngGiiMysDaOV5VUzYk7DulUX98EA4wi+z3FspKrUplUA==
  dependencies:
    "@libsql/core" "^0.6.0"
    "@libsql/hrana-client" "^0.6.0"
    js-base64 "^3.7.5"
    libsql "^0.3.10"

"@libsql/core@^0.6.0":
  version "0.6.0"
  resolved "https://registry.yarnpkg.com/@libsql/core/-/core-0.6.0.tgz#8eb8468bf452efe73847d699a1a8238803eba9a1"
  integrity sha512-affAB8vSqQwqI9NBDJ5uJCVaHoOAS2pOpbv1kWConh1SBbmJBnHHd4KG73RAJ2sgd2+NbT9WA+XJBqxgp28YSw==
  dependencies:
    js-base64 "^3.7.5"

"@libsql/darwin-arm64@0.3.16":
  version "0.3.16"
  resolved "https://registry.yarnpkg.com/@libsql/darwin-arm64/-/darwin-arm64-0.3.16.tgz#5e4f60bc1bd26d3f9e8405a6014c3d03b6e179a0"
  integrity sha512-GPQGCulqknc4BnluNuBDK55wwAah9j3KCsRQPAAbz1XsGrPyWgXOyID6e6wNk4ZPXCFOdLs9OCUsJH6hT6dwlQ==

"@libsql/darwin-x64@0.3.16":
  version "0.3.16"
  resolved "https://registry.yarnpkg.com/@libsql/darwin-x64/-/darwin-x64-0.3.16.tgz#f85791a1ee7c9c0a649e54c0a9e9f5ac9b84f038"
  integrity sha512-SXomcHsQSw5W/g0kZsiE3qNo/r4R1FAxfXoR6PgFOiFD85r7iUm+dRBcXwqtftiUanDlbhhrENhBPY0zuLoSfA==

"@libsql/hrana-client@^0.6.0":
  version "0.6.0"
  resolved "https://registry.yarnpkg.com/@libsql/hrana-client/-/hrana-client-0.6.0.tgz#051466f7e6c3d7402499de9af20a5deca6b82e9f"
  integrity sha512-k+fqzdjqg3IvWfKmVJK5StsbjeTcyNAXFelUbXbGNz3yH1gEVT9mZ6kmhsIXP30ZSyVV0AE1Gi25p82mxC9hwg==
  dependencies:
    "@libsql/isomorphic-fetch" "^0.2.1"
    "@libsql/isomorphic-ws" "^0.1.5"
    js-base64 "^3.7.5"
    node-fetch "^3.3.2"

"@libsql/isomorphic-fetch@^0.2.1":
  version "0.2.1"
  resolved "https://registry.yarnpkg.com/@libsql/isomorphic-fetch/-/isomorphic-fetch-0.2.1.tgz#8dc17476cd1625efb0c0bd613857fd319b7e11b5"
  integrity sha512-Sv07QP1Aw8A5OOrmKgRUBKe2fFhF2hpGJhtHe3d1aRnTESZCGkn//0zDycMKTGamVWb3oLYRroOsCV8Ukes9GA==

"@libsql/isomorphic-ws@^0.1.5":
  version "0.1.5"
  resolved "https://registry.yarnpkg.com/@libsql/isomorphic-ws/-/isomorphic-ws-0.1.5.tgz#e2d1faf965ba0f3be9301fbf5640164d03c4e606"
  integrity sha512-DtLWIH29onUYR00i0GlQ3UdcTRC6EP4u9w/h9LxpUZJWRMARk6dQwZ6Jkd+QdwVpuAOrdxt18v0K2uIYR3fwFg==
  dependencies:
    "@types/ws" "^8.5.4"
    ws "^8.13.0"

"@libsql/linux-arm64-gnu@0.3.16":
  version "0.3.16"
  resolved "https://registry.yarnpkg.com/@libsql/linux-arm64-gnu/-/linux-arm64-gnu-0.3.16.tgz#36a2659f29266a0a02467c2cfc99ce6a1954c061"
  integrity sha512-pvXyj0THb/y7P9mRl263ouEsQUaOPAw+dlKJZ3NDzinDImSr1JsPtgsftEAGJx2Y7qajbMAkor72uwQNj927/A==

"@libsql/linux-arm64-musl@0.3.16":
  version "0.3.16"
  resolved "https://registry.yarnpkg.com/@libsql/linux-arm64-musl/-/linux-arm64-musl-0.3.16.tgz#a1e0051b51def41a32a26c0ad8c824520cb656e4"
  integrity sha512-IfNkwH1TJWnCys+1NFz8j7Hto3N5KTYuCQ/EshIhUiQSzx00aNEor+5cZMr1CCK2Vw+Pdog5zKyvWKNHqUwnyw==

"@libsql/linux-x64-gnu@0.3.16":
  version "0.3.16"
  resolved "https://registry.yarnpkg.com/@libsql/linux-x64-gnu/-/linux-x64-gnu-0.3.16.tgz#59c933c4b8923f0a45e00ee6ae0ebaab13f89e54"
  integrity sha512-O2OURkYa0jb2nGTjPpGWU5oTyj6DmBsB0dDCx/Y5wThpNLM5kbHRpXyyz8QdTE9PW5oM1zn9ij8kUYhgFDfCaQ==

"@libsql/linux-x64-musl@0.3.16":
  version "0.3.16"
  resolved "https://registry.yarnpkg.com/@libsql/linux-x64-musl/-/linux-x64-musl-0.3.16.tgz#099db652e83815d60693385b494c733b3c618377"
  integrity sha512-D+4uS9HdHIAHgn3KvH9aJSJOv4Zi80ccfCFVFVbJESJ/0pdqyJVBZGzHYyuw59ol0xZAgfcxIFSriyAragbhEA==

"@libsql/win32-x64-msvc@0.3.16":
  version "0.3.16"
  resolved "https://registry.yarnpkg.com/@libsql/win32-x64-msvc/-/win32-x64-msvc-0.3.16.tgz#5cd0867cebeffa11e171650496e7e8b6a22539fd"
  integrity sha512-/+n2ibxYs6C1GHQbmkdeCPlw7QhAJJb4XOAEzvfk069lelk8f26MHrodJJiRBBJczmwUl4HNwDjR4HT2+k9ljw==

"@neon-rs/load@^0.0.4":
  version "0.0.4"
  resolved "https://registry.yarnpkg.com/@neon-rs/load/-/load-0.0.4.tgz#2a2a3292c6f1fef043f49886712d3c96a547532e"
  integrity sha512-kTPhdZyTQxB+2wpiRcFWrDcejc4JI6tkPuS7UZCG4l6Zvc5kU/gGQ/ozvHTh1XR5tS+UlfAfGuPajjzQjCiHCw==

"@prisma/adapter-libsql@^5.13.0":
  version "5.13.0"
  resolved "https://registry.yarnpkg.com/@prisma/adapter-libsql/-/adapter-libsql-5.13.0.tgz#8d292b487aa8745e52584c8dc76c0882713a779b"
  integrity sha512-vKzTtRwscsPRbhRb++hiJ8dXWxLELo3js7jKgJgiPzD10ybZEGgSTP4WYmivU5azVvnyN6JErgDtu4oBQZRvMA==
  dependencies:
    "@prisma/driver-adapter-utils" "5.13.0"
    async-mutex "0.5.0"

"@prisma/client@^5.13.0":
  version "5.13.0"
  resolved "https://registry.yarnpkg.com/@prisma/client/-/client-5.13.0.tgz#b9f1d0983d714e982675201d8222a9ecb4bdad4a"
  integrity sha512-uYdfpPncbZ/syJyiYBwGZS8Gt1PTNoErNYMuqHDa2r30rNSFtgTA/LXsSk55R7pdRTMi5pHkeP9B14K6nHmwkg==

"@prisma/debug@5.13.0":
  version "5.13.0"
  resolved "https://registry.yarnpkg.com/@prisma/debug/-/debug-5.13.0.tgz#d88b0f6fafa0c216e20e284ed9fc30f1cbe45786"
  integrity sha512-699iqlEvzyCj9ETrXhs8o8wQc/eVW+FigSsHpiskSFydhjVuwTJEfj/nIYqTaWFYuxiWQRfm3r01meuW97SZaQ==

"@prisma/driver-adapter-utils@5.13.0":
  version "5.13.0"
  resolved "https://registry.yarnpkg.com/@prisma/driver-adapter-utils/-/driver-adapter-utils-5.13.0.tgz#3bf98c4bc34c0a4d2a5cecd40adad5145304f4d8"
  integrity sha512-SaimwvGuvXJTsWH+FOfl7PlkZZlPiRGeMEchC0kvB08Xw9B3CLYo/Q7zaY5Fp+u5D8asrpcFQmCjXEgDvOmPkg==
  dependencies:
    "@prisma/debug" "5.13.0"

"@prisma/engines-version@5.13.0-23.b9a39a7ee606c28e3455d0fd60e78c3ba82b1a2b":
  version "5.13.0-23.b9a39a7ee606c28e3455d0fd60e78c3ba82b1a2b"
  resolved "https://registry.yarnpkg.com/@prisma/engines-version/-/engines-version-5.13.0-23.b9a39a7ee606c28e3455d0fd60e78c3ba82b1a2b.tgz#a72a4fb83ba1fd01ad45f795aa55168f60d34723"
  integrity sha512-AyUuhahTINGn8auyqYdmxsN+qn0mw3eg+uhkp8zwknXYIqoT3bChG4RqNY/nfDkPvzWAPBa9mrDyBeOnWSgO6A==

"@prisma/engines@5.13.0":
  version "5.13.0"
  resolved "https://registry.yarnpkg.com/@prisma/engines/-/engines-5.13.0.tgz#8994ebf7b4e35aee7746a8465ec22738379bcab6"
  integrity sha512-hIFLm4H1boj6CBZx55P4xKby9jgDTeDG0Jj3iXtwaaHmlD5JmiDkZhh8+DYWkTGchu+rRF36AVROLnk0oaqhHw==
  dependencies:
    "@prisma/debug" "5.13.0"
    "@prisma/engines-version" "5.13.0-23.b9a39a7ee606c28e3455d0fd60e78c3ba82b1a2b"
    "@prisma/fetch-engine" "5.13.0"
    "@prisma/get-platform" "5.13.0"

"@prisma/fetch-engine@5.13.0":
  version "5.13.0"
  resolved "https://registry.yarnpkg.com/@prisma/fetch-engine/-/fetch-engine-5.13.0.tgz#9b6945c7b38bb59e840f8905b20ea7a3d059ca55"
  integrity sha512-Yh4W+t6YKyqgcSEB3odBXt7QyVSm0OQlBSldQF2SNXtmOgMX8D7PF/fvH6E6qBCpjB/yeJLy/FfwfFijoHI6sA==
  dependencies:
    "@prisma/debug" "5.13.0"
    "@prisma/engines-version" "5.13.0-23.b9a39a7ee606c28e3455d0fd60e78c3ba82b1a2b"
    "@prisma/get-platform" "5.13.0"

"@prisma/get-platform@5.13.0":
  version "5.13.0"
  resolved "https://registry.yarnpkg.com/@prisma/get-platform/-/get-platform-5.13.0.tgz#99ef909a52b9d79b64d72d2d3d8210c4892b6572"
  integrity sha512-B/WrQwYTzwr7qCLifQzYOmQhZcFmIFhR81xC45gweInSUn2hTEbfKUPd2keAog+y5WI5xLAFNJ3wkXplvSVkSw==
  dependencies:
    "@prisma/debug" "5.13.0"

"@tsconfig/node10@^1.0.7":
  version "1.0.11"
  resolved "https://registry.yarnpkg.com/@tsconfig/node10/-/node10-1.0.11.tgz#6ee46400685f130e278128c7b38b7e031ff5b2f2"
  integrity sha512-DcRjDCujK/kCk/cUe8Xz8ZSpm8mS3mNNpta+jGCA6USEDfktlNvm1+IuZ9eTcDbNk41BHwpHHeW+N1lKCz4zOw==

"@tsconfig/node12@^1.0.7":
  version "1.0.11"
  resolved "https://registry.yarnpkg.com/@tsconfig/node12/-/node12-1.0.11.tgz#ee3def1f27d9ed66dac6e46a295cffb0152e058d"
  integrity sha512-cqefuRsh12pWyGsIoBKJA9luFu3mRxCA+ORZvA4ktLSzIuCUtWVxGIuXigEwO5/ywWFMZ2QEGKWvkZG1zDMTag==

"@tsconfig/node14@^1.0.0":
  version "1.0.3"
  resolved "https://registry.yarnpkg.com/@tsconfig/node14/-/node14-1.0.3.tgz#e4386316284f00b98435bf40f72f75a09dabf6c1"
  integrity sha512-ysT8mhdixWK6Hw3i1V2AeRqZ5WfXg1G43mqoYlM2nc6388Fq5jcXyr5mRsqViLx/GJYdoL0bfXD8nmF+Zn/Iow==

"@tsconfig/node16@^1.0.2":
  version "1.0.4"
  resolved "https://registry.yarnpkg.com/@tsconfig/node16/-/node16-1.0.4.tgz#0b92dcc0cc1c81f6f306a381f28e31b1a56536e9"
  integrity sha512-vxhUy4J8lyeyinH7Azl1pdd43GJhZH/tP2weN8TntQblOY+A0XbT8DJk1/oCPuOOyg/Ja757rG0CgHcWC8OfMA==

"@types/node@*", "@types/node@^20.12.7":
  version "20.12.7"
  resolved "https://registry.yarnpkg.com/@types/node/-/node-20.12.7.tgz#04080362fa3dd6c5822061aa3124f5c152cff384"
  integrity sha512-wq0cICSkRLVaf3UGLMGItu/PtdY7oaXaI/RVU+xliKVOtRna3PRY57ZDfztpDL0n11vfymMUnXv8QwYCO7L1wg==
  dependencies:
    undici-types "~5.26.4"

"@types/ws@^8.5.4":
  version "8.5.10"
  resolved "https://registry.yarnpkg.com/@types/ws/-/ws-8.5.10.tgz#4acfb517970853fa6574a3a6886791d04a396787"
  integrity sha512-vmQSUcfalpIq0R9q7uTo2lXs6eGIpt9wtnLdMv9LVpIjCA/+ufZRozlVoVelIYixx1ugCBKDhn89vnsEGOCx9A==
  dependencies:
    "@types/node" "*"

acorn-walk@^8.1.1:
  version "8.3.2"
  resolved "https://registry.yarnpkg.com/acorn-walk/-/acorn-walk-8.3.2.tgz#7703af9415f1b6db9315d6895503862e231d34aa"
  integrity sha512-cjkyv4OtNCIeqhHrfS81QWXoCBPExR/J62oyEqepVw8WaQeSqpW2uhuLPh1m9eWhDuOo/jUXVTlifvesOWp/4A==

acorn@^8.4.1:
  version "8.11.3"
  resolved "https://registry.yarnpkg.com/acorn/-/acorn-8.11.3.tgz#71e0b14e13a4ec160724b38fb7b0f233b1b81d7a"
  integrity sha512-Y9rRfJG5jcKOE0CLisYbojUjIrIEE7AGMzA/Sm4BslANhbS+cDMpgBdcPT91oJ7OuJ9hYJBx59RjbhxVnrF8Xg==

arg@^4.1.0:
  version "4.1.3"
  resolved "https://registry.yarnpkg.com/arg/-/arg-4.1.3.tgz#269fc7ad5b8e42cb63c896d5666017261c144089"
  integrity sha512-58S9QDqG0Xx27YwPSt9fJxivjYl432YCwfDMfZ+71RAqUrZef7LrKQZ3LHLOwCS4FLNBplP533Zx895SeOCHvA==

async-mutex@0.5.0:
  version "0.5.0"
  resolved "https://registry.yarnpkg.com/async-mutex/-/async-mutex-0.5.0.tgz#353c69a0b9e75250971a64ac203b0ebfddd75482"
  integrity sha512-1A94B18jkJ3DYq284ohPxoXbfTA5HsQ7/Mf4DEhcyLx3Bz27Rh59iScbB6EPiP+B+joue6YCxcMXSbFC1tZKwA==
  dependencies:
    tslib "^2.4.0"

create-require@^1.1.0:
  version "1.1.1"
  resolved "https://registry.yarnpkg.com/create-require/-/create-require-1.1.1.tgz#c1d7e8f1e5f6cfc9ff65f9cd352d37348756c333"
  integrity sha512-dcKFX3jn0MpIaXjisoRvexIJVEKzaq7z2rZKxf+MSr9TkdmHmsU4m2lcLojrj/FHl8mk5VxMmYA+ftRkP/3oKQ==

data-uri-to-buffer@^4.0.0:
  version "4.0.1"
  resolved "https://registry.yarnpkg.com/data-uri-to-buffer/-/data-uri-to-buffer-4.0.1.tgz#d8feb2b2881e6a4f58c2e08acfd0e2834e26222e"
  integrity sha512-0R9ikRb668HB7QDxT1vkpuUBtqc53YyAwMwGeUFKRojY/NWKvdZ+9UYtRfGmhqNbRkTSVpMbmyhXipFFv2cb/A==

detect-libc@2.0.2:
  version "2.0.2"
  resolved "https://registry.yarnpkg.com/detect-libc/-/detect-libc-2.0.2.tgz#8ccf2ba9315350e1241b88d0ac3b0e1fbd99605d"
  integrity sha512-UX6sGumvvqSaXgdKGUsgZWqcUyIXZ/vZTrlRT/iobiKhGL0zL4d3osHj3uqllWJK+i+sixDS/3COVEOFbupFyw==

diff@^4.0.1:
  version "4.0.2"
  resolved "https://registry.yarnpkg.com/diff/-/diff-4.0.2.tgz#60f3aecb89d5fae520c11aa19efc2bb982aade7d"
  integrity sha512-58lmxKSA4BNyLz+HHMUzlOEpg09FV+ev6ZMe3vJihgdxzgcwZ8VoEEPmALCZG9LmqfVoNMMKpttIYTVG6uDY7A==

fetch-blob@^3.1.2, fetch-blob@^3.1.4:
  version "3.2.0"
  resolved "https://registry.yarnpkg.com/fetch-blob/-/fetch-blob-3.2.0.tgz#f09b8d4bbd45adc6f0c20b7e787e793e309dcce9"
  integrity sha512-7yAQpD2UMJzLi1Dqv7qFYnPbaPx7ZfFK6PiIxQ4PfkGPyNyl2Ugx+a/umUonmKqjhM4DnfbMvdX6otXq83soQQ==
  dependencies:
    node-domexception "^1.0.0"
    web-streams-polyfill "^3.0.3"

formdata-polyfill@^4.0.10:
  version "4.0.10"
  resolved "https://registry.yarnpkg.com/formdata-polyfill/-/formdata-polyfill-4.0.10.tgz#24807c31c9d402e002ab3d8c720144ceb8848423"
  integrity sha512-buewHzMvYL29jdeQTVILecSaZKnt/RJWjoZCF5OW60Z67/GmSLBkOFM7qh1PI3zFNtJbaZL5eQu1vLfazOwj4g==
  dependencies:
    fetch-blob "^3.1.2"

js-base64@^3.7.5:
  version "3.7.7"
  resolved "https://registry.yarnpkg.com/js-base64/-/js-base64-3.7.7.tgz#e51b84bf78fbf5702b9541e2cb7bfcb893b43e79"
  integrity sha512-7rCnleh0z2CkXhH67J8K1Ytz0b2Y+yxTPL+/KOJoa20hfnVQ/3/T6W/KflYI4bRHRagNeXeU2bkNGI3v1oS/lw==

libsql@^0.3.10, libsql@^0.3.15:
  version "0.3.16"
  resolved "https://registry.yarnpkg.com/libsql/-/libsql-0.3.16.tgz#6bf6b27038b59fb80d4f89c37acfdc56b5e66337"
  integrity sha512-pIv3hP+W0bHTyjg56H5O3D45RP1BGcs0jnSOCk8PQ41nlPpVG3+sG9AG9Vc2NcnvFKuL02gGPFLzvbBe8AQjgg==
  dependencies:
    "@neon-rs/load" "^0.0.4"
    detect-libc "2.0.2"
    libsql "^0.3.15"
  optionalDependencies:
    "@libsql/darwin-arm64" "0.3.16"
    "@libsql/darwin-x64" "0.3.16"
    "@libsql/linux-arm64-gnu" "0.3.16"
    "@libsql/linux-arm64-musl" "0.3.16"
    "@libsql/linux-x64-gnu" "0.3.16"
    "@libsql/linux-x64-musl" "0.3.16"
    "@libsql/win32-x64-msvc" "0.3.16"

make-error@^1.1.1:
  version "1.3.6"
  resolved "https://registry.yarnpkg.com/make-error/-/make-error-1.3.6.tgz#2eb2e37ea9b67c4891f684a1394799af484cf7a2"
  integrity sha512-s8UhlNe7vPKomQhC1qFelMokr/Sc3AgNbso3n74mVPA5LTZwkB9NlXf4XPamLxJE8h0gh73rM94xvwRT2CVInw==

node-domexception@^1.0.0:
  version "1.0.0"
  resolved "https://registry.yarnpkg.com/node-domexception/-/node-domexception-1.0.0.tgz#6888db46a1f71c0b76b3f7555016b63fe64766e5"
  integrity sha512-/jKZoMpw0F8GRwl4/eLROPA3cfcXtLApP0QzLmUT/HuPCZWyB7IY9ZrMeKw2O/nFIqPQB3PVM9aYm0F312AXDQ==

node-fetch@^3.3.2:
  version "3.3.2"
  resolved "https://registry.yarnpkg.com/node-fetch/-/node-fetch-3.3.2.tgz#d1e889bacdf733b4ff3b2b243eb7a12866a0b78b"
  integrity sha512-dRB78srN/l6gqWulah9SrxeYnxeddIG30+GOqK/9OlLVyLg3HPnr6SqOWTWOXKRwC2eGYCkZ59NNuSgvSrpgOA==
  dependencies:
    data-uri-to-buffer "^4.0.0"
    fetch-blob "^3.1.4"
    formdata-polyfill "^4.0.10"

prisma@^5.13.0:
  version "5.13.0"
  resolved "https://registry.yarnpkg.com/prisma/-/prisma-5.13.0.tgz#1f06e20ccfb6038ad68869e6eacd3b346f9d0851"
  integrity sha512-kGtcJaElNRAdAGsCNykFSZ7dBKpL14Cbs+VaQ8cECxQlRPDjBlMHNFYeYt0SKovAVy2Y65JXQwB3A5+zIQwnTg==
  dependencies:
    "@prisma/engines" "5.13.0"

ts-node@^10.9.2:
  version "10.9.2"
  resolved "https://registry.yarnpkg.com/ts-node/-/ts-node-10.9.2.tgz#70f021c9e185bccdca820e26dc413805c101c71f"
  integrity sha512-f0FFpIdcHgn8zcPSbf1dRevwt047YMnaiJM3u2w2RewrB+fob/zePZcrOyQoLMMO7aBIddLcQIEK5dYjkLnGrQ==
  dependencies:
    "@cspotcode/source-map-support" "^0.8.0"
    "@tsconfig/node10" "^1.0.7"
    "@tsconfig/node12" "^1.0.7"
    "@tsconfig/node14" "^1.0.0"
    "@tsconfig/node16" "^1.0.2"
    acorn "^8.4.1"
    acorn-walk "^8.1.1"
    arg "^4.1.0"
    create-require "^1.1.0"
    diff "^4.0.1"
    make-error "^1.1.1"
    v8-compile-cache-lib "^3.0.1"
    yn "3.1.1"

tslib@^2.4.0:
  version "2.6.2"
  resolved "https://registry.yarnpkg.com/tslib/-/tslib-2.6.2.tgz#703ac29425e7b37cd6fd456e92404d46d1f3e4ae"
  integrity sha512-AEYxH93jGFPn/a2iVAwW87VuUIkR1FVUKB77NwMF7nBTDkDrrT/Hpt/IrCJ0QXhW27jTBDcf5ZY7w6RiqTMw2Q==

typescript@^5.4.5:
  version "5.4.5"
  resolved "https://registry.yarnpkg.com/typescript/-/typescript-5.4.5.tgz#42ccef2c571fdbd0f6718b1d1f5e6e5ef006f611"
  integrity sha512-vcI4UpRgg81oIRUFwR0WSIHKt11nJ7SAVlYNIu+QpqeyXP+gpQJy/Z4+F0aGxSE4MqwjyXvW/TzgkLAx2AGHwQ==

undici-types@~5.26.4:
  version "5.26.5"
  resolved "https://registry.yarnpkg.com/undici-types/-/undici-types-5.26.5.tgz#bcd539893d00b56e964fd2657a4866b221a65617"
  integrity sha512-JlCMO+ehdEIKqlFxk6IfVoAUVmgz7cU7zD/h9XZ0qzeosSHmUJVOzSQvvYSYWXkFXC+IfLKSIffhv0sVZup6pA==

v8-compile-cache-lib@^3.0.1:
  version "3.0.1"
  resolved "https://registry.yarnpkg.com/v8-compile-cache-lib/-/v8-compile-cache-lib-3.0.1.tgz#6336e8d71965cb3d35a1bbb7868445a7c05264bf"
  integrity sha512-wa7YjyUGfNZngI/vtK0UHAN+lgDCxBPCylVXGp0zu59Fz5aiGtNXaq3DhIov063MorB+VfufLh3JlF2KdTK3xg==

web-streams-polyfill@^3.0.3:
  version "3.3.3"
  resolved "https://registry.yarnpkg.com/web-streams-polyfill/-/web-streams-polyfill-3.3.3.tgz#2073b91a2fdb1fbfbd401e7de0ac9f8214cecb4b"
  integrity sha512-d2JWLCivmZYTSIoge9MsgFCZrt571BikcWGYkjC1khllbTeDlGqZ2D8vD8E/lJa8WGWbb7Plm8/XJYV7IJHZZw==

ws@^8.13.0:
  version "8.16.0"
  resolved "https://registry.yarnpkg.com/ws/-/ws-8.16.0.tgz#d1cd774f36fbc07165066a60e40323eab6446fd4"
  integrity sha512-HS0c//TP7Ina87TfiPUz1rQzMhHrl/SG2guqRcTOIUYD2q8uhUdNHZYJUaQ8aTGPzCh+c6oawMKW35nFl1dxyQ==

yn@3.1.1:
  version "3.1.1"
  resolved "https://registry.yarnpkg.com/yn/-/yn-3.1.1.tgz#1e87401a09d767c1d5eab26a6e4c185182d2eb50"
  integrity sha512-Ux4ygGWsu2c7isFWe8Yu1YluJmqVhxqK2cLXNQA5AcC3QfbGNpM7fu0Y8b/z16pXLnFxZYvWhd3fhBY9DLmC6Q==
